
Microsoft Visual Studio Solution File, Format Version 12.00
# Visual Studio Version 17
VisualStudioVersion = 17.8.34330.188
MinimumVisualStudioVersion = 10.0.40219.1
Project("{FAE04EC0-301F-11D3-BF4B-00C04F79EFBC}") = "DressUpGame", "DressUpGame\DressUpGame.csproj", "{A006DB49-ACE4-4359-AAFB-7B62A45A2142}"
EndProject
Global
	GlobalSection(SolutionConfigurationPlatforms) = preSolution
		Debug|Any CPU = Debug|Any CPU
		Release|Any CPU = Release|Any CPU
	EndGlobalSection
	GlobalSection(ProjectConfigurationPlatforms) = postSolution
		{A006DB49-ACE4-4359-AAFB-7B62A45A2142}.Debug|Any CPU.ActiveCfg = Debug|Any CPU
		{A006DB49-ACE4-4359-AAFB-7B62A45A2142}.Debug|Any CPU.Build.0 = Debug|Any CPU
		{A006DB49-ACE4-4359-AAFB-7B62A45A2142}.Release|Any CPU.ActiveCfg = Release|Any CPU
		{A006DB49-ACE4-4359-AAFB-7B62A45A2142}.Release|Any CPU.Build.0 = Release|Any CPU
	EndGlobalSection
	GlobalSection(SolutionProperties) = preSolution
		HideSolutionNode = FALSE
	EndGlobalSection
	GlobalSection(ExtensibilityGlobals) = postSolution
		SolutionGuid = {95EAEF9D-1EAE-457E-B007-06FDF42AEE66}
	EndGlobalSection
EndGlobal
